// !$*UTF8*$!
{
	archiveVersion = 1;
	classes = {
	};
	objectVersion = 46;
	objects = {

/* Begin PBXBuildFile section */
		37420DB28E0307C122E9CA9E /* libPods-NestedScrollUITests.a in Frameworks */ = {isa = PBXBuildFile; fileRef = 87F25E1C61964CDE023162FB /* libPods-NestedScrollUITests.a */; };
		6B6F224556B7F99D1299B7CC /* libPods-NestedScrollTests.a in Frameworks */ = {isa = PBXBuildFile; fileRef = A0F8114E382777BB8189DF84 /* libPods-NestedScrollTests.a */; };
		910467A91D8BB7AA008D6F15 /* NSString+HRSSSize.m in Sources */ = {isa = PBXBuildFile; fileRef = 910467A81D8BB7AA008D6F15 /* NSString+HRSSSize.m */; };
		910467BD1D8BE3F4008D6F15 /* ATMTriangleView.m in Sources */ = {isa = PBXBuildFile; fileRef = 910467BC1D8BE3F4008D6F15 /* ATMTriangleView.m */; };
		910467C81D8EF9C9008D6F15 /* HRYouCardCell.m in Sources */ = {isa = PBXBuildFile; fileRef = 910467C71D8EF9C9008D6F15 /* HRYouCardCell.m */; };
		910467CC1D8EFB1F008D6F15 /* HRYouCardStoryCell.xib in Resources */ = {isa = PBXBuildFile; fileRef = 910467C91D8EFB1F008D6F15 /* HRYouCardStoryCell.xib */; };
		910467CD1D8EFB1F008D6F15 /* HRYouCardStoryCell.m in Sources */ = {isa = PBXBuildFile; fileRef = 910467CB1D8EFB1F008D6F15 /* HRYouCardStoryCell.m */; };
		910467D11D8FB814008D6F15 /* HRYouCardCoverCell.m in Sources */ = {isa = PBXBuildFile; fileRef = 910467CF1D8FB814008D6F15 /* HRYouCardCoverCell.m */; };
		910467D21D8FB814008D6F15 /* HRYouCardCoverCell.xib in Resources */ = {isa = PBXBuildFile; fileRef = 910467D01D8FB814008D6F15 /* HRYouCardCoverCell.xib */; };
		910467D51D8FC1CA008D6F15 /* HRGraphicsFactory.m in Sources */ = {isa = PBXBuildFile; fileRef = 910467D41D8FC1CA008D6F15 /* HRGraphicsFactory.m */; };
		915B12F11D90CFDA00BE3765 /* HRYouCardQuoteCell.m in Sources */ = {isa = PBXBuildFile; fileRef = 915B12EF1D90CFDA00BE3765 /* HRYouCardQuoteCell.m */; };
		915B12F21D90CFDA00BE3765 /* HRYouCardQuoteCell.xib in Resources */ = {isa = PBXBuildFile; fileRef = 915B12F01D90CFDA00BE3765 /* HRYouCardQuoteCell.xib */; };
		915B12F61D91169500BE3765 /* HRYouCardBulletPointCell.m in Sources */ = {isa = PBXBuildFile; fileRef = 915B12F41D91169500BE3765 /* HRYouCardBulletPointCell.m */; };
		915B12FB1D9119C500BE3765 /* HRYouCardBulletPointItem.m in Sources */ = {isa = PBXBuildFile; fileRef = 915B12F91D9119C500BE3765 /* HRYouCardBulletPointItem.m */; };
		915B12FC1D9119C500BE3765 /* HRYouCardBulletPointItem.xib in Resources */ = {isa = PBXBuildFile; fileRef = 915B12FA1D9119C500BE3765 /* HRYouCardBulletPointItem.xib */; };
		915B12FE1D912F7B00BE3765 /* HRYouCardBulletPointCell.xib in Resources */ = {isa = PBXBuildFile; fileRef = 915B12FD1D912F7B00BE3765 /* HRYouCardBulletPointCell.xib */; };
		915B130C1D922C0700BE3765 /* HRYouCardViewController.m in Sources */ = {isa = PBXBuildFile; fileRef = 915B130A1D922C0700BE3765 /* HRYouCardViewController.m */; };
		915B130D1D922C0700BE3765 /* HRYouCardViewController.xib in Resources */ = {isa = PBXBuildFile; fileRef = 915B130B1D922C0700BE3765 /* HRYouCardViewController.xib */; };
		915B13101D922C1400BE3765 /* UIViewController+ATMContainment.m in Sources */ = {isa = PBXBuildFile; fileRef = 915B130F1D922C1400BE3765 /* UIViewController+ATMContainment.m */; };
		918331BB1D8FDE4B00BB618C /* CALayer+UIColor.m in Sources */ = {isa = PBXBuildFile; fileRef = 918331BA1D8FDE4B00BB618C /* CALayer+UIColor.m */; };
		91A286E51D51F9E7008E03E0 /* main.m in Sources */ = {isa = PBXBuildFile; fileRef = 91A286E41D51F9E7008E03E0 /* main.m */; };
		91A286E81D51F9E7008E03E0 /* AppDelegate.m in Sources */ = {isa = PBXBuildFile; fileRef = 91A286E71D51F9E7008E03E0 /* AppDelegate.m */; };
		91A286EB1D51F9E7008E03E0 /* ViewController.m in Sources */ = {isa = PBXBuildFile; fileRef = 91A286EA1D51F9E7008E03E0 /* ViewController.m */; };
		91A286EE1D51F9E7008E03E0 /* Main.storyboard in Resources */ = {isa = PBXBuildFile; fileRef = 91A286EC1D51F9E7008E03E0 /* Main.storyboard */; };
		91A286F01D51F9E7008E03E0 /* Assets.xcassets in Resources */ = {isa = PBXBuildFile; fileRef = 91A286EF1D51F9E7008E03E0 /* Assets.xcassets */; };
		91A286F31D51F9E7008E03E0 /* LaunchScreen.storyboard in Resources */ = {isa = PBXBuildFile; fileRef = 91A286F11D51F9E7008E03E0 /* LaunchScreen.storyboard */; };
		91A286FE1D51F9E8008E03E0 /* NestedScrollTests.m in Sources */ = {isa = PBXBuildFile; fileRef = 91A286FD1D51F9E8008E03E0 /* NestedScrollTests.m */; };
		91A287091D51F9E8008E03E0 /* NestedScrollUITests.m in Sources */ = {isa = PBXBuildFile; fileRef = 91A287081D51F9E8008E03E0 /* NestedScrollUITests.m */; };
		91A2871D1D52E8D9008E03E0 /* StoryCard.xib in Resources */ = {isa = PBXBuildFile; fileRef = 91A2871C1D52E8D9008E03E0 /* StoryCard.xib */; };
		EE0609E3BF5FA32D51CF0ABD /* libPods-NestedScroll.a in Frameworks */ = {isa = PBXBuildFile; fileRef = AE67AD9B43E6E9583A992291 /* libPods-NestedScroll.a */; };
/* End PBXBuildFile section */

/* Begin PBXContainerItemProxy section */
		91A286FA1D51F9E8008E03E0 /* PBXContainerItemProxy */ = {
			isa = PBXContainerItemProxy;
			containerPortal = 91A286D81D51F9E7008E03E0 /* Project object */;
			proxyType = 1;
			remoteGlobalIDString = 91A286DF1D51F9E7008E03E0;
			remoteInfo = NestedScroll;
		};
		91A287051D51F9E8008E03E0 /* PBXContainerItemProxy */ = {
			isa = PBXContainerItemProxy;
			containerPortal = 91A286D81D51F9E7008E03E0 /* Project object */;
			proxyType = 1;
			remoteGlobalIDString = 91A286DF1D51F9E7008E03E0;
			remoteInfo = NestedScroll;
		};
/* End PBXContainerItemProxy section */

/* Begin PBXFileReference section */
		0389308EA454B2CD998F7C15 /* Pods-NestedScrollUITests.release.xcconfig */ = {isa = PBXFileReference; includeInIndex = 1; lastKnownFileType = text.xcconfig; name = "Pods-NestedScrollUITests.release.xcconfig"; path = "Pods/Target Support Files/Pods-NestedScrollUITests/Pods-NestedScrollUITests.release.xcconfig"; sourceTree = "<group>"; };
		4D77ADFE0AFB2A84BC38868F /* Pods-NestedScroll.debug.xcconfig */ = {isa = PBXFileReference; includeInIndex = 1; lastKnownFileType = text.xcconfig; name = "Pods-NestedScroll.debug.xcconfig"; path = "Pods/Target Support Files/Pods-NestedScroll/Pods-NestedScroll.debug.xcconfig"; sourceTree = "<group>"; };
		4F036D8028512504C77853F5 /* Pods-NestedScroll.release.xcconfig */ = {isa = PBXFileReference; includeInIndex = 1; lastKnownFileType = text.xcconfig; name = "Pods-NestedScroll.release.xcconfig"; path = "Pods/Target Support Files/Pods-NestedScroll/Pods-NestedScroll.release.xcconfig"; sourceTree = "<group>"; };
		87F25E1C61964CDE023162FB /* libPods-NestedScrollUITests.a */ = {isa = PBXFileReference; explicitFileType = archive.ar; includeInIndex = 0; path = "libPods-NestedScrollUITests.a"; sourceTree = BUILT_PRODUCTS_DIR; };
		910467A71D8BB7AA008D6F15 /* NSString+HRSSSize.h */ = {isa = PBXFileReference; fileEncoding = 4; lastKnownFileType = sourcecode.c.h; name = "NSString+HRSSSize.h"; path = "Utils/NSString+HRSSSize.h"; sourceTree = "<group>"; };
		910467A81D8BB7AA008D6F15 /* NSString+HRSSSize.m */ = {isa = PBXFileReference; fileEncoding = 4; lastKnownFileType = sourcecode.c.objc; name = "NSString+HRSSSize.m"; path = "Utils/NSString+HRSSSize.m"; sourceTree = "<group>"; };
		910467B21D8BBCC4008D6F15 /* HRYouCardViewProtocol.h */ = {isa = PBXFileReference; lastKnownFileType = sourcecode.c.h; path = HRYouCardViewProtocol.h; sourceTree = "<group>"; };
		910467BB1D8BE3F4008D6F15 /* ATMTriangleView.h */ = {isa = PBXFileReference; fileEncoding = 4; lastKnownFileType = sourcecode.c.h; name = ATMTriangleView.h; path = Utils/ATMTriangleView.h; sourceTree = "<group>"; };
		910467BC1D8BE3F4008D6F15 /* ATMTriangleView.m */ = {isa = PBXFileReference; fileEncoding = 4; lastKnownFileType = sourcecode.c.objc; name = ATMTriangleView.m; path = Utils/ATMTriangleView.m; sourceTree = "<group>"; };
		910467C61D8EF9C9008D6F15 /* HRYouCardCell.h */ = {isa = PBXFileReference; fileEncoding = 4; lastKnownFileType = sourcecode.c.h; name = HRYouCardCell.h; path = Cells/HRYouCardCell.h; sourceTree = "<group>"; };
		910467C71D8EF9C9008D6F15 /* HRYouCardCell.m */ = {isa = PBXFileReference; fileEncoding = 4; lastKnownFileType = sourcecode.c.objc; name = HRYouCardCell.m; path = Cells/HRYouCardCell.m; sourceTree = "<group>"; };
		910467C91D8EFB1F008D6F15 /* HRYouCardStoryCell.xib */ = {isa = PBXFileReference; fileEncoding = 4; lastKnownFileType = file.xib; name = HRYouCardStoryCell.xib; path = Cells/HRYouCardStoryCell.xib; sourceTree = "<group>"; };
		910467CA1D8EFB1F008D6F15 /* HRYouCardStoryCell.h */ = {isa = PBXFileReference; fileEncoding = 4; lastKnownFileType = sourcecode.c.h; name = HRYouCardStoryCell.h; path = Cells/HRYouCardStoryCell.h; sourceTree = "<group>"; };
		910467CB1D8EFB1F008D6F15 /* HRYouCardStoryCell.m */ = {isa = PBXFileReference; fileEncoding = 4; lastKnownFileType = sourcecode.c.objc; name = HRYouCardStoryCell.m; path = Cells/HRYouCardStoryCell.m; sourceTree = "<group>"; };
		910467CE1D8FB814008D6F15 /* HRYouCardCoverCell.h */ = {isa = PBXFileReference; fileEncoding = 4; lastKnownFileType = sourcecode.c.h; name = HRYouCardCoverCell.h; path = Cells/HRYouCardCoverCell.h; sourceTree = "<group>"; };
		910467CF1D8FB814008D6F15 /* HRYouCardCoverCell.m */ = {isa = PBXFileReference; fileEncoding = 4; lastKnownFileType = sourcecode.c.objc; name = HRYouCardCoverCell.m; path = Cells/HRYouCardCoverCell.m; sourceTree = "<group>"; };
		910467D01D8FB814008D6F15 /* HRYouCardCoverCell.xib */ = {isa = PBXFileReference; fileEncoding = 4; lastKnownFileType = file.xib; name = HRYouCardCoverCell.xib; path = Cells/HRYouCardCoverCell.xib; sourceTree = "<group>"; };
		910467D31D8FC1CA008D6F15 /* HRGraphicsFactory.h */ = {isa = PBXFileReference; fileEncoding = 4; lastKnownFileType = sourcecode.c.h; name = HRGraphicsFactory.h; path = Utils/HRGraphicsFactory.h; sourceTree = "<group>"; };
		910467D41D8FC1CA008D6F15 /* HRGraphicsFactory.m */ = {isa = PBXFileReference; fileEncoding = 4; lastKnownFileType = sourcecode.c.objc; name = HRGraphicsFactory.m; path = Utils/HRGraphicsFactory.m; sourceTree = "<group>"; };
		915B12EE1D90CFDA00BE3765 /* HRYouCardQuoteCell.h */ = {isa = PBXFileReference; fileEncoding = 4; lastKnownFileType = sourcecode.c.h; name = HRYouCardQuoteCell.h; path = Cells/HRYouCardQuoteCell.h; sourceTree = "<group>"; };
		915B12EF1D90CFDA00BE3765 /* HRYouCardQuoteCell.m */ = {isa = PBXFileReference; fileEncoding = 4; lastKnownFileType = sourcecode.c.objc; name = HRYouCardQuoteCell.m; path = Cells/HRYouCardQuoteCell.m; sourceTree = "<group>"; };
		915B12F01D90CFDA00BE3765 /* HRYouCardQuoteCell.xib */ = {isa = PBXFileReference; fileEncoding = 4; lastKnownFileType = file.xib; name = HRYouCardQuoteCell.xib; path = Cells/HRYouCardQuoteCell.xib; sourceTree = "<group>"; };
		915B12F31D91169500BE3765 /* HRYouCardBulletPointCell.h */ = {isa = PBXFileReference; fileEncoding = 4; lastKnownFileType = sourcecode.c.h; name = HRYouCardBulletPointCell.h; path = Cells/HRYouCardBulletPointCell.h; sourceTree = "<group>"; };
		915B12F41D91169500BE3765 /* HRYouCardBulletPointCell.m */ = {isa = PBXFileReference; fileEncoding = 4; lastKnownFileType = sourcecode.c.objc; name = HRYouCardBulletPointCell.m; path = Cells/HRYouCardBulletPointCell.m; sourceTree = "<group>"; };
		915B12F81D9119C500BE3765 /* HRYouCardBulletPointItem.h */ = {isa = PBXFileReference; fileEncoding = 4; lastKnownFileType = sourcecode.c.h; name = HRYouCardBulletPointItem.h; path = Cells/HRYouCardBulletPointItem.h; sourceTree = "<group>"; };
		915B12F91D9119C500BE3765 /* HRYouCardBulletPointItem.m */ = {isa = PBXFileReference; fileEncoding = 4; lastKnownFileType = sourcecode.c.objc; name = HRYouCardBulletPointItem.m; path = Cells/HRYouCardBulletPointItem.m; sourceTree = "<group>"; };
		915B12FA1D9119C500BE3765 /* HRYouCardBulletPointItem.xib */ = {isa = PBXFileReference; fileEncoding = 4; lastKnownFileType = file.xib; name = HRYouCardBulletPointItem.xib; path = Cells/HRYouCardBulletPointItem.xib; sourceTree = "<group>"; };
		915B12FD1D912F7B00BE3765 /* HRYouCardBulletPointCell.xib */ = {isa = PBXFileReference; fileEncoding = 4; lastKnownFileType = file.xib; name = HRYouCardBulletPointCell.xib; path = Cells/HRYouCardBulletPointCell.xib; sourceTree = "<group>"; };
		915B13091D922C0700BE3765 /* HRYouCardViewController.h */ = {isa = PBXFileReference; fileEncoding = 4; lastKnownFileType = sourcecode.c.h; path = HRYouCardViewController.h; sourceTree = "<group>"; };
		915B130A1D922C0700BE3765 /* HRYouCardViewController.m */ = {isa = PBXFileReference; fileEncoding = 4; lastKnownFileType = sourcecode.c.objc; path = HRYouCardViewController.m; sourceTree = "<group>"; };
		915B130B1D922C0700BE3765 /* HRYouCardViewController.xib */ = {isa = PBXFileReference; fileEncoding = 4; lastKnownFileType = file.xib; path = HRYouCardViewController.xib; sourceTree = "<group>"; };
		915B130E1D922C1400BE3765 /* UIViewController+ATMContainment.h */ = {isa = PBXFileReference; fileEncoding = 4; lastKnownFileType = sourcecode.c.h; name = "UIViewController+ATMContainment.h"; path = "Utils/UIViewController+ATMContainment.h"; sourceTree = "<group>"; };
		915B130F1D922C1400BE3765 /* UIViewController+ATMContainment.m */ = {isa = PBXFileReference; fileEncoding = 4; lastKnownFileType = sourcecode.c.objc; name = "UIViewController+ATMContainment.m"; path = "Utils/UIViewController+ATMContainment.m"; sourceTree = "<group>"; };
		918331B91D8FDE4B00BB618C /* CALayer+UIColor.h */ = {isa = PBXFileReference; fileEncoding = 4; lastKnownFileType = sourcecode.c.h; name = "CALayer+UIColor.h"; path = "Utils/CALayer+UIColor.h"; sourceTree = "<group>"; };
		918331BA1D8FDE4B00BB618C /* CALayer+UIColor.m */ = {isa = PBXFileReference; fileEncoding = 4; lastKnownFileType = sourcecode.c.objc; name = "CALayer+UIColor.m"; path = "Utils/CALayer+UIColor.m"; sourceTree = "<group>"; };
		91A286E01D51F9E7008E03E0 /* NestedScroll.app */ = {isa = PBXFileReference; explicitFileType = wrapper.application; includeInIndex = 0; path = NestedScroll.app; sourceTree = BUILT_PRODUCTS_DIR; };
		91A286E41D51F9E7008E03E0 /* main.m */ = {isa = PBXFileReference; lastKnownFileType = sourcecode.c.objc; path = main.m; sourceTree = "<group>"; };
		91A286E61D51F9E7008E03E0 /* AppDelegate.h */ = {isa = PBXFileReference; lastKnownFileType = sourcecode.c.h; path = AppDelegate.h; sourceTree = "<group>"; };
		91A286E71D51F9E7008E03E0 /* AppDelegate.m */ = {isa = PBXFileReference; lastKnownFileType = sourcecode.c.objc; path = AppDelegate.m; sourceTree = "<group>"; };
		91A286E91D51F9E7008E03E0 /* ViewController.h */ = {isa = PBXFileReference; lastKnownFileType = sourcecode.c.h; path = ViewController.h; sourceTree = "<group>"; };
		91A286EA1D51F9E7008E03E0 /* ViewController.m */ = {isa = PBXFileReference; lastKnownFileType = sourcecode.c.objc; path = ViewController.m; sourceTree = "<group>"; };
		91A286ED1D51F9E7008E03E0 /* Base */ = {isa = PBXFileReference; lastKnownFileType = file.storyboard; name = Base; path = Base.lproj/Main.storyboard; sourceTree = "<group>"; };
		91A286EF1D51F9E7008E03E0 /* Assets.xcassets */ = {isa = PBXFileReference; lastKnownFileType = folder.assetcatalog; path = Assets.xcassets; sourceTree = "<group>"; };
		91A286F21D51F9E7008E03E0 /* Base */ = {isa = PBXFileReference; lastKnownFileType = file.storyboard; name = Base; path = Base.lproj/LaunchScreen.storyboard; sourceTree = "<group>"; };
		91A286F41D51F9E7008E03E0 /* Info.plist */ = {isa = PBXFileReference; lastKnownFileType = text.plist.xml; path = Info.plist; sourceTree = "<group>"; };
		91A286F91D51F9E8008E03E0 /* NestedScrollTests.xctest */ = {isa = PBXFileReference; explicitFileType = wrapper.cfbundle; includeInIndex = 0; path = NestedScrollTests.xctest; sourceTree = BUILT_PRODUCTS_DIR; };
		91A286FD1D51F9E8008E03E0 /* NestedScrollTests.m */ = {isa = PBXFileReference; lastKnownFileType = sourcecode.c.objc; path = NestedScrollTests.m; sourceTree = "<group>"; };
		91A286FF1D51F9E8008E03E0 /* Info.plist */ = {isa = PBXFileReference; lastKnownFileType = text.plist.xml; path = Info.plist; sourceTree = "<group>"; };
		91A287041D51F9E8008E03E0 /* NestedScrollUITests.xctest */ = {isa = PBXFileReference; explicitFileType = wrapper.cfbundle; includeInIndex = 0; path = NestedScrollUITests.xctest; sourceTree = BUILT_PRODUCTS_DIR; };
		91A287081D51F9E8008E03E0 /* NestedScrollUITests.m */ = {isa = PBXFileReference; lastKnownFileType = sourcecode.c.objc; path = NestedScrollUITests.m; sourceTree = "<group>"; };
		91A2870A1D51F9E8008E03E0 /* Info.plist */ = {isa = PBXFileReference; lastKnownFileType = text.plist.xml; path = Info.plist; sourceTree = "<group>"; };
		91A2871C1D52E8D9008E03E0 /* StoryCard.xib */ = {isa = PBXFileReference; fileEncoding = 4; lastKnownFileType = file.xib; path = StoryCard.xib; sourceTree = "<group>"; };
		91A2872A1D535657008E03E0 /* Constant.h */ = {isa = PBXFileReference; lastKnownFileType = sourcecode.c.h; path = Constant.h; sourceTree = "<group>"; };
		A0F8114E382777BB8189DF84 /* libPods-NestedScrollTests.a */ = {isa = PBXFileReference; explicitFileType = archive.ar; includeInIndex = 0; path = "libPods-NestedScrollTests.a"; sourceTree = BUILT_PRODUCTS_DIR; };
		AE67AD9B43E6E9583A992291 /* libPods-NestedScroll.a */ = {isa = PBXFileReference; explicitFileType = archive.ar; includeInIndex = 0; path = "libPods-NestedScroll.a"; sourceTree = BUILT_PRODUCTS_DIR; };
		E417E7CBC2F67281CEA73572 /* Pods-NestedScrollTests.release.xcconfig */ = {isa = PBXFileReference; includeInIndex = 1; lastKnownFileType = text.xcconfig; name = "Pods-NestedScrollTests.release.xcconfig"; path = "Pods/Target Support Files/Pods-NestedScrollTests/Pods-NestedScrollTests.release.xcconfig"; sourceTree = "<group>"; };
		F051BD08A95106EC0180F434 /* Pods-NestedScrollUITests.debug.xcconfig */ = {isa = PBXFileReference; includeInIndex = 1; lastKnownFileType = text.xcconfig; name = "Pods-NestedScrollUITests.debug.xcconfig"; path = "Pods/Target Support Files/Pods-NestedScrollUITests/Pods-NestedScrollUITests.debug.xcconfig"; sourceTree = "<group>"; };
		F2827DB3CE08D38C66E307E9 /* Pods-NestedScrollTests.debug.xcconfig */ = {isa = PBXFileReference; includeInIndex = 1; lastKnownFileType = text.xcconfig; name = "Pods-NestedScrollTests.debug.xcconfig"; path = "Pods/Target Support Files/Pods-NestedScrollTests/Pods-NestedScrollTests.debug.xcconfig"; sourceTree = "<group>"; };
/* End PBXFileReference section */

/* Begin PBXFrameworksBuildPhase section */
		91A286DD1D51F9E7008E03E0 /* Frameworks */ = {
			isa = PBXFrameworksBuildPhase;
			buildActionMask = 2147483647;
			files = (
				EE0609E3BF5FA32D51CF0ABD /* libPods-NestedScroll.a in Frameworks */,
			);
			runOnlyForDeploymentPostprocessing = 0;
		};
		91A286F61D51F9E8008E03E0 /* Frameworks */ = {
			isa = PBXFrameworksBuildPhase;
			buildActionMask = 2147483647;
			files = (
				6B6F224556B7F99D1299B7CC /* libPods-NestedScrollTests.a in Frameworks */,
			);
			runOnlyForDeploymentPostprocessing = 0;
		};
		91A287011D51F9E8008E03E0 /* Frameworks */ = {
			isa = PBXFrameworksBuildPhase;
			buildActionMask = 2147483647;
			files = (
				37420DB28E0307C122E9CA9E /* libPods-NestedScrollUITests.a in Frameworks */,
			);
			runOnlyForDeploymentPostprocessing = 0;
		};
/* End PBXFrameworksBuildPhase section */

/* Begin PBXGroup section */
		15F1F2DC1E750E00CFED0A98 /* Pods */ = {
			isa = PBXGroup;
			children = (
				4D77ADFE0AFB2A84BC38868F /* Pods-NestedScroll.debug.xcconfig */,
				4F036D8028512504C77853F5 /* Pods-NestedScroll.release.xcconfig */,
				F2827DB3CE08D38C66E307E9 /* Pods-NestedScrollTests.debug.xcconfig */,
				E417E7CBC2F67281CEA73572 /* Pods-NestedScrollTests.release.xcconfig */,
				F051BD08A95106EC0180F434 /* Pods-NestedScrollUITests.debug.xcconfig */,
				0389308EA454B2CD998F7C15 /* Pods-NestedScrollUITests.release.xcconfig */,
			);
			name = Pods;
			sourceTree = "<group>";
		};
		786809BA22A0DB621F71B7FE /* Frameworks */ = {
			isa = PBXGroup;
			children = (
				AE67AD9B43E6E9583A992291 /* libPods-NestedScroll.a */,
				A0F8114E382777BB8189DF84 /* libPods-NestedScrollTests.a */,
				87F25E1C61964CDE023162FB /* libPods-NestedScrollUITests.a */,
			);
			name = Frameworks;
			sourceTree = "<group>";
		};
		9104679D1D8BAD0C008D6F15 /* Cells */ = {
			isa = PBXGroup;
			children = (
				910467C61D8EF9C9008D6F15 /* HRYouCardCell.h */,
				910467C71D8EF9C9008D6F15 /* HRYouCardCell.m */,
				910467CE1D8FB814008D6F15 /* HRYouCardCoverCell.h */,
				910467CF1D8FB814008D6F15 /* HRYouCardCoverCell.m */,
				910467D01D8FB814008D6F15 /* HRYouCardCoverCell.xib */,
				910467CA1D8EFB1F008D6F15 /* HRYouCardStoryCell.h */,
				910467CB1D8EFB1F008D6F15 /* HRYouCardStoryCell.m */,
				910467C91D8EFB1F008D6F15 /* HRYouCardStoryCell.xib */,
				915B12EE1D90CFDA00BE3765 /* HRYouCardQuoteCell.h */,
				915B12EF1D90CFDA00BE3765 /* HRYouCardQuoteCell.m */,
				915B12F01D90CFDA00BE3765 /* HRYouCardQuoteCell.xib */,
				915B12F31D91169500BE3765 /* HRYouCardBulletPointCell.h */,
				915B12F41D91169500BE3765 /* HRYouCardBulletPointCell.m */,
				915B12FD1D912F7B00BE3765 /* HRYouCardBulletPointCell.xib */,
				915B12F81D9119C500BE3765 /* HRYouCardBulletPointItem.h */,
				915B12F91D9119C500BE3765 /* HRYouCardBulletPointItem.m */,
				915B12FA1D9119C500BE3765 /* HRYouCardBulletPointItem.xib */,
			);
			name = Cells;
			sourceTree = "<group>";
		};
		910467A61D8BB774008D6F15 /* Utils */ = {
			isa = PBXGroup;
			children = (
				915B130E1D922C1400BE3765 /* UIViewController+ATMContainment.h */,
				915B130F1D922C1400BE3765 /* UIViewController+ATMContainment.m */,
				910467A71D8BB7AA008D6F15 /* NSString+HRSSSize.h */,
				910467A81D8BB7AA008D6F15 /* NSString+HRSSSize.m */,
				910467BB1D8BE3F4008D6F15 /* ATMTriangleView.h */,
				910467BC1D8BE3F4008D6F15 /* ATMTriangleView.m */,
				910467D31D8FC1CA008D6F15 /* HRGraphicsFactory.h */,
				910467D41D8FC1CA008D6F15 /* HRGraphicsFactory.m */,
				918331B91D8FDE4B00BB618C /* CALayer+UIColor.h */,
				918331BA1D8FDE4B00BB618C /* CALayer+UIColor.m */,
			);
			name = Utils;
			sourceTree = "<group>";
		};
		91A286D71D51F9E7008E03E0 = {
			isa = PBXGroup;
			children = (
				91A286E21D51F9E7008E03E0 /* NestedScroll */,
				91A286FC1D51F9E8008E03E0 /* NestedScrollTests */,
				91A287071D51F9E8008E03E0 /* NestedScrollUITests */,
				91A286E11D51F9E7008E03E0 /* Products */,
				15F1F2DC1E750E00CFED0A98 /* Pods */,
				786809BA22A0DB621F71B7FE /* Frameworks */,
			);
			sourceTree = "<group>";
		};
		91A286E11D51F9E7008E03E0 /* Products */ = {
			isa = PBXGroup;
			children = (
				91A286E01D51F9E7008E03E0 /* NestedScroll.app */,
				91A286F91D51F9E8008E03E0 /* NestedScrollTests.xctest */,
				91A287041D51F9E8008E03E0 /* NestedScrollUITests.xctest */,
			);
			name = Products;
			sourceTree = "<group>";
		};
		91A286E21D51F9E7008E03E0 /* NestedScroll */ = {
			isa = PBXGroup;
			children = (
				91A2872A1D535657008E03E0 /* Constant.h */,
				91A286E61D51F9E7008E03E0 /* AppDelegate.h */,
				91A286E71D51F9E7008E03E0 /* AppDelegate.m */,
				91A286E91D51F9E7008E03E0 /* ViewController.h */,
				91A286EA1D51F9E7008E03E0 /* ViewController.m */,
				915B13091D922C0700BE3765 /* HRYouCardViewController.h */,
				915B130A1D922C0700BE3765 /* HRYouCardViewController.m */,
				915B130B1D922C0700BE3765 /* HRYouCardViewController.xib */,
				910467B21D8BBCC4008D6F15 /* HRYouCardViewProtocol.h */,
				910467A61D8BB774008D6F15 /* Utils */,
				9104679D1D8BAD0C008D6F15 /* Cells */,
				91A2871C1D52E8D9008E03E0 /* StoryCard.xib */,
				91A286EC1D51F9E7008E03E0 /* Main.storyboard */,
				91A286EF1D51F9E7008E03E0 /* Assets.xcassets */,
				91A286F11D51F9E7008E03E0 /* LaunchScreen.storyboard */,
				91A286F41D51F9E7008E03E0 /* Info.plist */,
				91A286E31D51F9E7008E03E0 /* Supporting Files */,
			);
			path = NestedScroll;
			sourceTree = "<group>";
		};
		91A286E31D51F9E7008E03E0 /* Supporting Files */ = {
			isa = PBXGroup;
			children = (
				91A286E41D51F9E7008E03E0 /* main.m */,
			);
			name = "Supporting Files";
			sourceTree = "<group>";
		};
		91A286FC1D51F9E8008E03E0 /* NestedScrollTests */ = {
			isa = PBXGroup;
			children = (
				91A286FD1D51F9E8008E03E0 /* NestedScrollTests.m */,
				91A286FF1D51F9E8008E03E0 /* Info.plist */,
			);
			path = NestedScrollTests;
			sourceTree = "<group>";
		};
		91A287071D51F9E8008E03E0 /* NestedScrollUITests */ = {
			isa = PBXGroup;
			children = (
				91A287081D51F9E8008E03E0 /* NestedScrollUITests.m */,
				91A2870A1D51F9E8008E03E0 /* Info.plist */,
			);
			path = NestedScrollUITests;
			sourceTree = "<group>";
		};
/* End PBXGroup section */

/* Begin PBXNativeTarget section */
		91A286DF1D51F9E7008E03E0 /* NestedScroll */ = {
			isa = PBXNativeTarget;
			buildConfigurationList = 91A2870D1D51F9E8008E03E0 /* Build configuration list for PBXNativeTarget "NestedScroll" */;
			buildPhases = (
				437F2789E17CD29338897091 /* [CP] Check Pods Manifest.lock */,
				91A286DC1D51F9E7008E03E0 /* Sources */,
				91A286DD1D51F9E7008E03E0 /* Frameworks */,
				91A286DE1D51F9E7008E03E0 /* Resources */,
				706749AD584D0C0992BCBE2F /* [CP] Embed Pods Frameworks */,
				60ACFFEF645672D2E7F52752 /* [CP] Copy Pods Resources */,
			);
			buildRules = (
			);
			dependencies = (
			);
			name = NestedScroll;
			productName = NestedScroll;
			productReference = 91A286E01D51F9E7008E03E0 /* NestedScroll.app */;
			productType = "com.apple.product-type.application";
		};
		91A286F81D51F9E8008E03E0 /* NestedScrollTests */ = {
			isa = PBXNativeTarget;
			buildConfigurationList = 91A287101D51F9E8008E03E0 /* Build configuration list for PBXNativeTarget "NestedScrollTests" */;
			buildPhases = (
				ED67089006012CC720D520D0 /* [CP] Check Pods Manifest.lock */,
				91A286F51D51F9E8008E03E0 /* Sources */,
				91A286F61D51F9E8008E03E0 /* Frameworks */,
				91A286F71D51F9E8008E03E0 /* Resources */,
				67C172D3BFDB4954F232E6A5 /* [CP] Embed Pods Frameworks */,
				3BAE261F3A906D01B55FEB1D /* [CP] Copy Pods Resources */,
			);
			buildRules = (
			);
			dependencies = (
				91A286FB1D51F9E8008E03E0 /* PBXTargetDependency */,
			);
			name = NestedScrollTests;
			productName = NestedScrollTests;
			productReference = 91A286F91D51F9E8008E03E0 /* NestedScrollTests.xctest */;
			productType = "com.apple.product-type.bundle.unit-test";
		};
		91A287031D51F9E8008E03E0 /* NestedScrollUITests */ = {
			isa = PBXNativeTarget;
			buildConfigurationList = 91A287131D51F9E8008E03E0 /* Build configuration list for PBXNativeTarget "NestedScrollUITests" */;
			buildPhases = (
				6EE03601B326B1F30B6938D9 /* [CP] Check Pods Manifest.lock */,
				91A287001D51F9E8008E03E0 /* Sources */,
				91A287011D51F9E8008E03E0 /* Frameworks */,
				91A287021D51F9E8008E03E0 /* Resources */,
				B738A012324CCCB64BE4FF7F /* [CP] Copy Pods Resources */,
			);
			buildRules = (
			);
			dependencies = (
				91A287061D51F9E8008E03E0 /* PBXTargetDependency */,
			);
			name = NestedScrollUITests;
			productName = NestedScrollUITests;
			productReference = 91A287041D51F9E8008E03E0 /* NestedScrollUITests.xctest */;
			productType = "com.apple.product-type.bundle.ui-testing";
		};
/* End PBXNativeTarget section */

/* Begin PBXProject section */
		91A286D81D51F9E7008E03E0 /* Project object */ = {
			isa = PBXProject;
			attributes = {
				LastUpgradeCheck = 0730;
				ORGANIZATIONNAME = Yahoo;
				TargetAttributes = {
					91A286DF1D51F9E7008E03E0 = {
						CreatedOnToolsVersion = 7.3.1;
					};
					91A286F81D51F9E8008E03E0 = {
						CreatedOnToolsVersion = 7.3.1;
						DevelopmentTeam = 4N284APFSC;
						TestTargetID = 91A286DF1D51F9E7008E03E0;
					};
					91A287031D51F9E8008E03E0 = {
						CreatedOnToolsVersion = 7.3.1;
						DevelopmentTeam = 4N284APFSC;
						TestTargetID = 91A286DF1D51F9E7008E03E0;
					};
				};
			};
			buildConfigurationList = 91A286DB1D51F9E7008E03E0 /* Build configuration list for PBXProject "NestedScroll" */;
			compatibilityVersion = "Xcode 3.2";
			developmentRegion = English;
			hasScannedForEncodings = 0;
			knownRegions = (
				en,
				Base,
			);
			mainGroup = 91A286D71D51F9E7008E03E0;
			productRefGroup = 91A286E11D51F9E7008E03E0 /* Products */;
			projectDirPath = "";
			projectRoot = "";
			targets = (
				91A286DF1D51F9E7008E03E0 /* NestedScroll */,
				91A286F81D51F9E8008E03E0 /* NestedScrollTests */,
				91A287031D51F9E8008E03E0 /* NestedScrollUITests */,
			);
		};
/* End PBXProject section */

/* Begin PBXResourcesBuildPhase section */
		91A286DE1D51F9E7008E03E0 /* Resources */ = {
			isa = PBXResourcesBuildPhase;
			buildActionMask = 2147483647;
			files = (
				91A286F31D51F9E7008E03E0 /* LaunchScreen.storyboard in Resources */,
				91A2871D1D52E8D9008E03E0 /* StoryCard.xib in Resources */,
				915B12F21D90CFDA00BE3765 /* HRYouCardQuoteCell.xib in Resources */,
				910467CC1D8EFB1F008D6F15 /* HRYouCardStoryCell.xib in Resources */,
				915B130D1D922C0700BE3765 /* HRYouCardViewController.xib in Resources */,
				91A286F01D51F9E7008E03E0 /* Assets.xcassets in Resources */,
				915B12FC1D9119C500BE3765 /* HRYouCardBulletPointItem.xib in Resources */,
				915B12FE1D912F7B00BE3765 /* HRYouCardBulletPointCell.xib in Resources */,
				91A286EE1D51F9E7008E03E0 /* Main.storyboard in Resources */,
				910467D21D8FB814008D6F15 /* HRYouCardCoverCell.xib in Resources */,
			);
			runOnlyForDeploymentPostprocessing = 0;
		};
		91A286F71D51F9E8008E03E0 /* Resources */ = {
			isa = PBXResourcesBuildPhase;
			buildActionMask = 2147483647;
			files = (
			);
			runOnlyForDeploymentPostprocessing = 0;
		};
		91A287021D51F9E8008E03E0 /* Resources */ = {
			isa = PBXResourcesBuildPhase;
			buildActionMask = 2147483647;
			files = (
			);
			runOnlyForDeploymentPostprocessing = 0;
		};
/* End PBXResourcesBuildPhase section */

/* Begin PBXShellScriptBuildPhase section */
		3BAE261F3A906D01B55FEB1D /* [CP] Copy Pods Resources */ = {
			isa = PBXShellScriptBuildPhase;
			buildActionMask = 2147483647;
			files = (
			);
			inputPaths = (
			);
			name = "[CP] Copy Pods Resources";
			outputPaths = (
			);
			runOnlyForDeploymentPostprocessing = 0;
			shellPath = /bin/sh;
			shellScript = "\"${SRCROOT}/Pods/Target Support Files/Pods-NestedScrollTests/Pods-NestedScrollTests-resources.sh\"\n";
			showEnvVarsInLog = 0;
		};
		437F2789E17CD29338897091 /* [CP] Check Pods Manifest.lock */ = {
			isa = PBXShellScriptBuildPhase;
			buildActionMask = 2147483647;
			files = (
			);
			inputPaths = (
			);
			name = "[CP] Check Pods Manifest.lock";
			outputPaths = (
			);
			runOnlyForDeploymentPostprocessing = 0;
			shellPath = /bin/sh;
			shellScript = "diff \"${PODS_ROOT}/../Podfile.lock\" \"${PODS_ROOT}/Manifest.lock\" > /dev/null\nif [[ $? != 0 ]] ; then\n    cat << EOM\nerror: The sandbox is not in sync with the Podfile.lock. Run 'pod install' or update your CocoaPods installation.\nEOM\n    exit 1\nfi\n";
			showEnvVarsInLog = 0;
		};
		60ACFFEF645672D2E7F52752 /* [CP] Copy Pods Resources */ = {
			isa = PBXShellScriptBuildPhase;
			buildActionMask = 2147483647;
			files = (
			);
			inputPaths = (
			);
			name = "[CP] Copy Pods Resources";
			outputPaths = (
			);
			runOnlyForDeploymentPostprocessing = 0;
			shellPath = /bin/sh;
			shellScript = "\"${SRCROOT}/Pods/Target Support Files/Pods-NestedScroll/Pods-NestedScroll-resources.sh\"\n";
			showEnvVarsInLog = 0;
		};
		67C172D3BFDB4954F232E6A5 /* [CP] Embed Pods Frameworks */ = {
			isa = PBXShellScriptBuildPhase;
			buildActionMask = 2147483647;
			files = (
			);
			inputPaths = (
			);
			name = "[CP] Embed Pods Frameworks";
			outputPaths = (
			);
			runOnlyForDeploymentPostprocessing = 0;
			shellPath = /bin/sh;
			shellScript = "\"${SRCROOT}/Pods/Target Support Files/Pods-NestedScrollTests/Pods-NestedScrollTests-frameworks.sh\"\n";
			showEnvVarsInLog = 0;
		};
		6EE03601B326B1F30B6938D9 /* [CP] Check Pods Manifest.lock */ = {
			isa = PBXShellScriptBuildPhase;
			buildActionMask = 2147483647;
			files = (
			);
			inputPaths = (
			);
			name = "[CP] Check Pods Manifest.lock";
			outputPaths = (
			);
			runOnlyForDeploymentPostprocessing = 0;
			shellPath = /bin/sh;
			shellScript = "diff \"${PODS_ROOT}/../Podfile.lock\" \"${PODS_ROOT}/Manifest.lock\" > /dev/null\nif [[ $? != 0 ]] ; then\n    cat << EOM\nerror: The sandbox is not in sync with the Podfile.lock. Run 'pod install' or update your CocoaPods installation.\nEOM\n    exit 1\nfi\n";
			showEnvVarsInLog = 0;
		};
		706749AD584D0C0992BCBE2F /* [CP] Embed Pods Frameworks */ = {
			isa = PBXShellScriptBuildPhase;
			buildActionMask = 2147483647;
			files = (
			);
			inputPaths = (
			);
			name = "[CP] Embed Pods Frameworks";
			outputPaths = (
			);
			runOnlyForDeploymentPostprocessing = 0;
			shellPath = /bin/sh;
			shellScript = "\"${SRCROOT}/Pods/Target Support Files/Pods-NestedScroll/Pods-NestedScroll-frameworks.sh\"\n";
			showEnvVarsInLog = 0;
		};
		B738A012324CCCB64BE4FF7F /* [CP] Copy Pods Resources */ = {
			isa = PBXShellScriptBuildPhase;
			buildActionMask = 2147483647;
			files = (
			);
			inputPaths = (
			);
			name = "[CP] Copy Pods Resources";
			outputPaths = (
			);
			runOnlyForDeploymentPostprocessing = 0;
			shellPath = /bin/sh;
			shellScript = "\"${SRCROOT}/Pods/Target Support Files/Pods-NestedScrollUITests/Pods-NestedScrollUITests-resources.sh\"\n";
			showEnvVarsInLog = 0;
		};
		ED67089006012CC720D520D0 /* [CP] Check Pods Manifest.lock */ = {
			isa = PBXShellScriptBuildPhase;
			buildActionMask = 2147483647;
			files = (
			);
			inputPaths = (
			);
			name = "[CP] Check Pods Manifest.lock";
			outputPaths = (
			);
			runOnlyForDeploymentPostprocessing = 0;
			shellPath = /bin/sh;
			shellScript = "diff \"${PODS_ROOT}/../Podfile.lock\" \"${PODS_ROOT}/Manifest.lock\" > /dev/null\nif [[ $? != 0 ]] ; then\n    cat << EOM\nerror: The sandbox is not in sync with the Podfile.lock. Run 'pod install' or update your CocoaPods installation.\nEOM\n    exit 1\nfi\n";
			showEnvVarsInLog = 0;
		};
/* End PBXShellScriptBuildPhase section */

/* Begin PBXSourcesBuildPhase section */
		91A286DC1D51F9E7008E03E0 /* Sources */ = {
			isa = PBXSourcesBuildPhase;
			buildActionMask = 2147483647;
			files = (
				910467C81D8EF9C9008D6F15 /* HRYouCardCell.m in Sources */,
				915B12FB1D9119C500BE3765 /* HRYouCardBulletPointItem.m in Sources */,
				91A286EB1D51F9E7008E03E0 /* ViewController.m in Sources */,
				91A286E81D51F9E7008E03E0 /* AppDelegate.m in Sources */,
				91A286E51D51F9E7008E03E0 /* main.m in Sources */,
				915B13101D922C1400BE3765 /* UIViewController+ATMContainment.m in Sources */,
				910467A91D8BB7AA008D6F15 /* NSString+HRSSSize.m in Sources */,
				915B12F61D91169500BE3765 /* HRYouCardBulletPointCell.m in Sources */,
				910467CD1D8EFB1F008D6F15 /* HRYouCardStoryCell.m in Sources */,
				915B12F11D90CFDA00BE3765 /* HRYouCardQuoteCell.m in Sources */,
				910467BD1D8BE3F4008D6F15 /* ATMTriangleView.m in Sources */,
				910467D51D8FC1CA008D6F15 /* HRGraphicsFactory.m in Sources */,
				910467D11D8FB814008D6F15 /* HRYouCardCoverCell.m in Sources */,
				915B130C1D922C0700BE3765 /* HRYouCardViewController.m in Sources */,
				918331BB1D8FDE4B00BB618C /* CALayer+UIColor.m in Sources */,
			);
			runOnlyForDeploymentPostprocessing = 0;
		};
		91A286F51D51F9E8008E03E0 /* Sources */ = {
			isa = PBXSourcesBuildPhase;
			buildActionMask = 2147483647;
			files = (
				91A286FE1D51F9E8008E03E0 /* NestedScrollTests.m in Sources */,
			);
			runOnlyForDeploymentPostprocessing = 0;
		};
		91A287001D51F9E8008E03E0 /* Sources */ = {
			isa = PBXSourcesBuildPhase;
			buildActionMask = 2147483647;
			files = (
				91A287091D51F9E8008E03E0 /* NestedScrollUITests.m in Sources */,
			);
			runOnlyForDeploymentPostprocessing = 0;
		};
/* End PBXSourcesBuildPhase section */

/* Begin PBXTargetDependency section */
		91A286FB1D51F9E8008E03E0 /* PBXTargetDependency */ = {
			isa = PBXTargetDependency;
			target = 91A286DF1D51F9E7008E03E0 /* NestedScroll */;
			targetProxy = 91A286FA1D51F9E8008E03E0 /* PBXContainerItemProxy */;
		};
		91A287061D51F9E8008E03E0 /* PBXTargetDependency */ = {
			isa = PBXTargetDependency;
			target = 91A286DF1D51F9E7008E03E0 /* NestedScroll */;
			targetProxy = 91A287051D51F9E8008E03E0 /* PBXContainerItemProxy */;
		};
/* End PBXTargetDependency section */

/* Begin PBXVariantGroup section */
		91A286EC1D51F9E7008E03E0 /* Main.storyboard */ = {
			isa = PBXVariantGroup;
			children = (
				91A286ED1D51F9E7008E03E0 /* Base */,
			);
			name = Main.storyboard;
			sourceTree = "<group>";
		};
		91A286F11D51F9E7008E03E0 /* LaunchScreen.storyboard */ = {
			isa = PBXVariantGroup;
			children = (
				91A286F21D51F9E7008E03E0 /* Base */,
			);
			name = LaunchScreen.storyboard;
			sourceTree = "<group>";
		};
/* End PBXVariantGroup section */

/* Begin XCBuildConfiguration section */
		91A2870B1D51F9E8008E03E0 /* Debug */ = {
			isa = XCBuildConfiguration;
			buildSettings = {
				ALWAYS_SEARCH_USER_PATHS = NO;
				CLANG_ANALYZER_NONNULL = YES;
				CLANG_CXX_LANGUAGE_STANDARD = "gnu++0x";
				CLANG_CXX_LIBRARY = "libc++";
				CLANG_ENABLE_MODULES = YES;
				CLANG_ENABLE_OBJC_ARC = YES;
				CLANG_WARN_BOOL_CONVERSION = YES;
				CLANG_WARN_CONSTANT_CONVERSION = YES;
				CLANG_WARN_DIRECT_OBJC_ISA_USAGE = YES_ERROR;
				CLANG_WARN_EMPTY_BODY = YES;
				CLANG_WARN_ENUM_CONVERSION = YES;
				CLANG_WARN_INT_CONVERSION = YES;
				CLANG_WARN_OBJC_ROOT_CLASS = YES_ERROR;
				CLANG_WARN_UNREACHABLE_CODE = YES;
				CLANG_WARN__DUPLICATE_METHOD_MATCH = YES;
				"CODE_SIGN_IDENTITY[sdk=iphoneos*]" = "iPhone Developer";
				COPY_PHASE_STRIP = NO;
				DEBUG_INFORMATION_FORMAT = dwarf;
				ENABLE_STRICT_OBJC_MSGSEND = YES;
				ENABLE_TESTABILITY = YES;
				GCC_C_LANGUAGE_STANDARD = gnu99;
				GCC_DYNAMIC_NO_PIC = NO;
				GCC_NO_COMMON_BLOCKS = YES;
				GCC_OPTIMIZATION_LEVEL = 0;
				GCC_PREPROCESSOR_DEFINITIONS = (
					"DEBUG=1",
					"$(inherited)",
				);
				GCC_WARN_64_TO_32_BIT_CONVERSION = YES;
				GCC_WARN_ABOUT_RETURN_TYPE = YES_ERROR;
				GCC_WARN_UNDECLARED_SELECTOR = YES;
				GCC_WARN_UNINITIALIZED_AUTOS = YES_AGGRESSIVE;
				GCC_WARN_UNUSED_FUNCTION = YES;
				GCC_WARN_UNUSED_VARIABLE = YES;
				IPHONEOS_DEPLOYMENT_TARGET = 9.3;
				MTL_ENABLE_DEBUG_INFO = YES;
				ONLY_ACTIVE_ARCH = YES;
				SDKROOT = iphoneos;
			};
			name = Debug;
		};
		91A2870C1D51F9E8008E03E0 /* Release */ = {
			isa = XCBuildConfiguration;
			buildSettings = {
				ALWAYS_SEARCH_USER_PATHS = NO;
				CLANG_ANALYZER_NONNULL = YES;
				CLANG_CXX_LANGUAGE_STANDARD = "gnu++0x";
				CLANG_CXX_LIBRARY = "libc++";
				CLANG_ENABLE_MODULES = YES;
				CLANG_ENABLE_OBJC_ARC = YES;
				CLANG_WARN_BOOL_CONVERSION = YES;
				CLANG_WARN_CONSTANT_CONVERSION = YES;
				CLANG_WARN_DIRECT_OBJC_ISA_USAGE = YES_ERROR;
				CLANG_WARN_EMPTY_BODY = YES;
				CLANG_WARN_ENUM_CONVERSION = YES;
				CLANG_WARN_INT_CONVERSION = YES;
				CLANG_WARN_OBJC_ROOT_CLASS = YES_ERROR;
				CLANG_WARN_UNREACHABLE_CODE = YES;
				CLANG_WARN__DUPLICATE_METHOD_MATCH = YES;
				"CODE_SIGN_IDENTITY[sdk=iphoneos*]" = "iPhone Developer";
				COPY_PHASE_STRIP = NO;
				DEBUG_INFORMATION_FORMAT = "dwarf-with-dsym";
				ENABLE_NS_ASSERTIONS = NO;
				ENABLE_STRICT_OBJC_MSGSEND = YES;
				GCC_C_LANGUAGE_STANDARD = gnu99;
				GCC_NO_COMMON_BLOCKS = YES;
				GCC_WARN_64_TO_32_BIT_CONVERSION = YES;
				GCC_WARN_ABOUT_RETURN_TYPE = YES_ERROR;
				GCC_WARN_UNDECLARED_SELECTOR = YES;
				GCC_WARN_UNINITIALIZED_AUTOS = YES_AGGRESSIVE;
				GCC_WARN_UNUSED_FUNCTION = YES;
				GCC_WARN_UNUSED_VARIABLE = YES;
				IPHONEOS_DEPLOYMENT_TARGET = 9.3;
				MTL_ENABLE_DEBUG_INFO = NO;
				SDKROOT = iphoneos;
				VALIDATE_PRODUCT = YES;
			};
			name = Release;
		};
		91A2870E1D51F9E8008E03E0 /* Debug */ = {
			isa = XCBuildConfiguration;
			baseConfigurationReference = 4D77ADFE0AFB2A84BC38868F /* Pods-NestedScroll.debug.xcconfig */;
			buildSettings = {
				ASSETCATALOG_COMPILER_APPICON_NAME = AppIcon;
				CODE_SIGN_IDENTITY = "iPhone Developer";
				INFOPLIST_FILE = NestedScroll/Info.plist;
				LD_RUNPATH_SEARCH_PATHS = "$(inherited) @executable_path/Frameworks";
				PRODUCT_BUNDLE_IDENTIFIER = com.yahoo.twNews;
				PRODUCT_NAME = "$(TARGET_NAME)";
			};
			name = Debug;
		};
		91A2870F1D51F9E8008E03E0 /* Release */ = {
			isa = XCBuildConfiguration;
			baseConfigurationReference = 4F036D8028512504C77853F5 /* Pods-NestedScroll.release.xcconfig */;
			buildSettings = {
				ASSETCATALOG_COMPILER_APPICON_NAME = AppIcon;
				CODE_SIGN_IDENTITY = "iPhone Developer";
				INFOPLIST_FILE = NestedScroll/Info.plist;
				LD_RUNPATH_SEARCH_PATHS = "$(inherited) @executable_path/Frameworks";
				PRODUCT_BUNDLE_IDENTIFIER = com.yahoo.twNews;
				PRODUCT_NAME = "$(TARGET_NAME)";
			};
			name = Release;
		};
		91A287111D51F9E8008E03E0 /* Debug */ = {
			isa = XCBuildConfiguration;
			baseConfigurationReference = F2827DB3CE08D38C66E307E9 /* Pods-NestedScrollTests.debug.xcconfig */;
			buildSettings = {
				BUNDLE_LOADER = "$(TEST_HOST)";
				INFOPLIST_FILE = NestedScrollTests/Info.plist;
				LD_RUNPATH_SEARCH_PATHS = "$(inherited) @executable_path/Frameworks @loader_path/Frameworks";
				PRODUCT_BUNDLE_IDENTIFIER = com.yahoo.NestedScrollTests;
				PRODUCT_NAME = "$(TARGET_NAME)";
				TEST_HOST = "$(BUILT_PRODUCTS_DIR)/NestedScroll.app/NestedScroll";
			};
			name = Debug;
		};
		91A287121D51F9E8008E03E0 /* Release */ = {
			isa = XCBuildConfiguration;
			baseConfigurationReference = E417E7CBC2F67281CEA73572 /* Pods-NestedScrollTests.release.xcconfig */;
			buildSettings = {
				BUNDLE_LOADER = "$(TEST_HOST)";
				INFOPLIST_FILE = NestedScrollTests/Info.plist;
				LD_RUNPATH_SEARCH_PATHS = "$(inherited) @executable_path/Frameworks @loader_path/Frameworks";
				PRODUCT_BUNDLE_IDENTIFIER = com.yahoo.NestedScrollTests;
				PRODUCT_NAME = "$(TARGET_NAME)";
				TEST_HOST = "$(BUILT_PRODUCTS_DIR)/NestedScroll.app/NestedScroll";
			};
			name = Release;
		};
		91A287141D51F9E8008E03E0 /* Debug */ = {
			isa = XCBuildConfiguration;
			baseConfigurationReference = F051BD08A95106EC0180F434 /* Pods-NestedScrollUITests.debug.xcconfig */;
			buildSettings = {
				INFOPLIST_FILE = NestedScrollUITests/Info.plist;
				LD_RUNPATH_SEARCH_PATHS = "$(inherited) @executable_path/Frameworks @loader_path/Frameworks";
				PRODUCT_BUNDLE_IDENTIFIER = com.yahoo.NestedScrollUITests;
				PRODUCT_NAME = "$(TARGET_NAME)";
				TEST_TARGET_NAME = NestedScroll;
			};
			name = Debug;
		};
		91A287151D51F9E8008E03E0 /* Release */ = {
			isa = XCBuildConfiguration;
			baseConfigurationReference = 0389308EA454B2CD998F7C15 /* Pods-NestedScrollUITests.release.xcconfig */;
			buildSettings = {
				INFOPLIST_FILE = NestedScrollUITests/Info.plist;
				LD_RUNPATH_SEARCH_PATHS = "$(inherited) @executable_path/Frameworks @loader_path/Frameworks";
				PRODUCT_BUNDLE_IDENTIFIER = com.yahoo.NestedScrollUITests;
				PRODUCT_NAME = "$(TARGET_NAME)";
				TEST_TARGET_NAME = NestedScroll;
			};
			name = Release;
		};
/* End XCBuildConfiguration section */

/* Begin XCConfigurationList section */
		91A286DB1D51F9E7008E03E0 /* Build configuration list for PBXProject "NestedScroll" */ = {
			isa = XCConfigurationList;
			buildConfigurations = (
				91A2870B1D51F9E8008E03E0 /* Debug */,
				91A2870C1D51F9E8008E03E0 /* Release */,
			);
			defaultConfigurationIsVisible = 0;
			defaultConfigurationName = Release;
		};
		91A2870D1D51F9E8008E03E0 /* Build configuration list for PBXNativeTarget "NestedScroll" */ = {
			isa = XCConfigurationList;
			buildConfigurations = (
				91A2870E1D51F9E8008E03E0 /* Debug */,
				91A2870F1D51F9E8008E03E0 /* Release */,
			);
			defaultConfigurationIsVisible = 0;
			defaultConfigurationName = Release;
		};
		91A287101D51F9E8008E03E0 /* Build configuration list for PBXNativeTarget "NestedScrollTests" */ = {
			isa = XCConfigurationList;
			buildConfigurations = (
				91A287111D51F9E8008E03E0 /* Debug */,
				91A287121D51F9E8008E03E0 /* Release */,
			);
			defaultConfigurationIsVisible = 0;
			defaultConfigurationName = Release;
		};
		91A287131D51F9E8008E03E0 /* Build configuration list for PBXNativeTarget "NestedScrollUITests" */ = {
			isa = XCConfigurationList;
			buildConfigurations = (
				91A287141D51F9E8008E03E0 /* Debug */,
				91A287151D51F9E8008E03E0 /* Release */,
			);
			defaultConfigurationIsVisible = 0;
			defaultConfigurationName = Release;
		};
/* End XCConfigurationList section */
	};
	rootObject = 91A286D81D51F9E7008E03E0 /* Project object */;
}
